
Microsoft Visual Studio Solution File, Format Version 12.00
# Visual Studio Version 16
VisualStudioVersion = 16.0.33927.289
MinimumVisualStudioVersion = 10.0.40219.1
Project("{2150E333-8FDC-42A3-9474-1A3956D46DE8}") = "Task0", "Task0", "{AA8A412D-EE28-4608-8C41-C4897F3361A2}"
EndProject
Project("{FAE04EC0-301F-11D3-BF4B-00C04F79EFBC}") = "Tyuiu.PopkovSV.Sprint1.Task0.V18", "Tyuiu.PopkovSV.Sprint1.Task0.V18\Tyuiu.PopkovSV.Sprint1.Task0.V18.csproj", "{E9275083-9D44-4D77-A030-AD542E67C614}"
EndProject
Project("{FAE04EC0-301F-11D3-BF4B-00C04F79EFBC}") = "Tyuiu.PopkovSV.Sprint1.Task0.V18.Lib", "Tyuiu.PopkovSV.Sprint1.Task0.V18.Lib\Tyuiu.PopkovSV.Sprint1.Task0.V18.Lib.csproj", "{86A66872-D26D-4B11-BE4D-3F416B44B3B5}"
EndProject
Project("{FAE04EC0-301F-11D3-BF4B-00C04F79EFBC}") = "Tyuiu.PopkovSV.Sprint1.Task0.V18.Test", "Tyuiu.PopkovSV.Sprint1.Task0.V18.Test\Tyuiu.PopkovSV.Sprint1.Task0.V18.Test.csproj", "{9CB4A839-58FD-4E06-93DA-5E037DC21C7E}"
EndProject
Project("{2150E333-8FDC-42A3-9474-1A3956D46DE8}") = "Task1", "Task1", "{99D79D84-E083-4A7C-8473-35B4FC4F5C61}"
EndProject
Project("{FAE04EC0-301F-11D3-BF4B-00C04F79EFBC}") = "Tyuiu.PopkovSV.Sprint1.Task1.V20", "Tyuiu.PopkovSV.Sprint1.Task1.V20\Tyuiu.PopkovSV.Sprint1.Task1.V20.csproj", "{F1D67E43-3EBF-4215-8F2E-31EAB6BA31A5}"
EndProject
Project("{FAE04EC0-301F-11D3-BF4B-00C04F79EFBC}") = "Tyuiu.PopkovSV.Sprint1.Task1.V20.Lib", "Tyuiu.PopkovSV.Sprint1.Task1.V20.Lib\Tyuiu.PopkovSV.Sprint1.Task1.V20.Lib.csproj", "{2AF59EA9-645E-4223-B554-8DBA4BBF3F4E}"
EndProject
Project("{FAE04EC0-301F-11D3-BF4B-00C04F79EFBC}") = "Tyuiu.PopkovSV.Sprint1.Task1.V20.Test", "Tyuiu.PopkovSV.Sprint1.Task1.V20.Test\Tyuiu.PopkovSV.Sprint1.Task1.V20.Test.csproj", "{3233FA50-8EAD-4276-96BF-82E212BAC458}"
EndProject
Project("{2150E333-8FDC-42A3-9474-1A3956D46DE8}") = "Task2", "Task2", "{B0C9EDF9-FAEB-48FE-B075-864CECB08F7C}"
EndProject
Project("{FAE04EC0-301F-11D3-BF4B-00C04F79EFBC}") = "Tyuiu.PopkovSV.Sprint1.Task2.V9", "Tyuiu.PopkovSV.Sprint1.Task2.V9\Tyuiu.PopkovSV.Sprint1.Task2.V9.csproj", "{12D8E84F-B642-4D1F-9CE0-4812B1987349}"
EndProject
Project("{FAE04EC0-301F-11D3-BF4B-00C04F79EFBC}") = "Tyuiu.PopkovSV.Sprint1.Task2.V9.Lib", "Tyuiu.PopkovSV.Sprint1.Task2.V9.Lib\Tyuiu.PopkovSV.Sprint1.Task2.V9.Lib.csproj", "{FA953DA8-72CF-4175-BAF3-DE89A7EAC06B}"
EndProject
Project("{FAE04EC0-301F-11D3-BF4B-00C04F79EFBC}") = "Tyuiu.PopkovSV.Sprint1.Task2.V9.Test", "Tyuiu.PopkovSV.Sprint1.Task2.V9.Test\Tyuiu.PopkovSV.Sprint1.Task2.V9.Test.csproj", "{25ABE4E6-1694-4319-95C1-B9739CEDC4B4}"
EndProject
Project("{2150E333-8FDC-42A3-9474-1A3956D46DE8}") = "Task3", "Task3", "{C8431707-5192-44CF-95F1-A5797663C796}"
EndProject
Project("{FAE04EC0-301F-11D3-BF4B-00C04F79EFBC}") = "Tyuiu.PopkovSV.Sprint1.Task3.V15", "Tyuiu.PopkovSV.Sprint1.Task3.V15\Tyuiu.PopkovSV.Sprint1.Task3.V15.csproj", "{0D290746-58FD-429D-A781-3A865BFB03AE}"
EndProject
Project("{FAE04EC0-301F-11D3-BF4B-00C04F79EFBC}") = "Tyuiu.PopkovSV.Sprint1.Task3.V15.Lib", "Tyuiu.PopkovSV.Sprint1.Task3.V15.Lib\Tyuiu.PopkovSV.Sprint1.Task3.V15.Lib.csproj", "{710AE48C-D97C-465B-9CDA-CD21CA809BC6}"
EndProject
Project("{FAE04EC0-301F-11D3-BF4B-00C04F79EFBC}") = "Tyuiu.PopkovSV.Sprint1.Task3.V15.Test", "Tyuiu.PopkovSV.Sprint1.Task3.V15.Test\Tyuiu.PopkovSV.Sprint1.Task3.V15.Test.csproj", "{C29897E6-D65A-4A78-A218-048A2316FFEB}"
EndProject
Project("{2150E333-8FDC-42A3-9474-1A3956D46DE8}") = "Task4", "Task4", "{50B76A56-F49B-441D-8321-2F3003E401D1}"
EndProject
Project("{FAE04EC0-301F-11D3-BF4B-00C04F79EFBC}") = "Tyuiu.PopkovSV.Sprint1.Task4.V20", "Tyuiu.PopkovSV.Sprint1.Task4.V20\Tyuiu.PopkovSV.Sprint1.Task4.V20.csproj", "{87CA2AFD-7743-4E1E-9AB4-5C0C04D98AD7}"
EndProject
Project("{FAE04EC0-301F-11D3-BF4B-00C04F79EFBC}") = "Tyuiu.PopkovSV.Sprint1.Task4.V20.Lib", "Tyuiu.PopkovSV.Sprint1.Task4.V20.Lib\Tyuiu.PopkovSV.Sprint1.Task4.V20.Lib.csproj", "{522A3FDA-4C59-440C-8262-C6E36FDC5E6D}"
EndProject
Project("{FAE04EC0-301F-11D3-BF4B-00C04F79EFBC}") = "Tyuiu.PopkovSV.Sprint1.Task4.V20.Test", "Tyuiu.PopkovSV.Sprint1.Task4.V20.Test\Tyuiu.PopkovSV.Sprint1.Task4.V20.Test.csproj", "{B3A370D0-D21A-45D0-AE62-466DB4B18B4E}"
EndProject
Project("{2150E333-8FDC-42A3-9474-1A3956D46DE8}") = "Task5", "Task5", "{8E00F7ED-ECD2-4CFF-B707-BDBB212966A4}"
EndProject
Project("{FAE04EC0-301F-11D3-BF4B-00C04F79EFBC}") = "Tyuiu.PopkovSV.Sprint1.Task5.V7", "Tyuiu.PopkovSV.Sprint1.Task5.V7\Tyuiu.PopkovSV.Sprint1.Task5.V7.csproj", "{EF2DE6D7-85C3-45DE-A18A-D9C87856E865}"
EndProject
Project("{FAE04EC0-301F-11D3-BF4B-00C04F79EFBC}") = "Tyuiu.PopkovSV.Sprint1.Task5.V7.Lib", "Tyuiu.PopkovSV.Sprint1.Task5.V7.Lib\Tyuiu.PopkovSV.Sprint1.Task5.V7.Lib.csproj", "{6C0560DD-3B70-4297-A7A1-153398B1BF56}"
EndProject
Project("{FAE04EC0-301F-11D3-BF4B-00C04F79EFBC}") = "Tyuiu.PopkovSV.Sprint1.Task5.V7.Test", "Tyuiu.PopkovSV.Sprint1.Task5.V7.Test\Tyuiu.PopkovSV.Sprint1.Task5.V7.Test.csproj", "{CEA03256-DE9A-4491-A0FB-12ECC7A00A63}"
EndProject
Global
	GlobalSection(SolutionConfigurationPlatforms) = preSolution
		Debug|Any CPU = Debug|Any CPU
		Release|Any CPU = Release|Any CPU
	EndGlobalSection
	GlobalSection(ProjectConfigurationPlatforms) = postSolution
		{E9275083-9D44-4D77-A030-AD542E67C614}.Debug|Any CPU.ActiveCfg = Debug|Any CPU
		{E9275083-9D44-4D77-A030-AD542E67C614}.Debug|Any CPU.Build.0 = Debug|Any CPU
		{E9275083-9D44-4D77-A030-AD542E67C614}.Release|Any CPU.ActiveCfg = Release|Any CPU
		{E9275083-9D44-4D77-A030-AD542E67C614}.Release|Any CPU.Build.0 = Release|Any CPU
		{86A66872-D26D-4B11-BE4D-3F416B44B3B5}.Debug|Any CPU.ActiveCfg = Debug|Any CPU
		{86A66872-D26D-4B11-BE4D-3F416B44B3B5}.Debug|Any CPU.Build.0 = Debug|Any CPU
		{86A66872-D26D-4B11-BE4D-3F416B44B3B5}.Release|Any CPU.ActiveCfg = Release|Any CPU
		{86A66872-D26D-4B11-BE4D-3F416B44B3B5}.Release|Any CPU.Build.0 = Release|Any CPU
		{9CB4A839-58FD-4E06-93DA-5E037DC21C7E}.Debug|Any CPU.ActiveCfg = Debug|Any CPU
		{9CB4A839-58FD-4E06-93DA-5E037DC21C7E}.Debug|Any CPU.Build.0 = Debug|Any CPU
		{9CB4A839-58FD-4E06-93DA-5E037DC21C7E}.Release|Any CPU.ActiveCfg = Release|Any CPU
		{9CB4A839-58FD-4E06-93DA-5E037DC21C7E}.Release|Any CPU.Build.0 = Release|Any CPU
		{F1D67E43-3EBF-4215-8F2E-31EAB6BA31A5}.Debug|Any CPU.ActiveCfg = Debug|Any CPU
		{F1D67E43-3EBF-4215-8F2E-31EAB6BA31A5}.Debug|Any CPU.Build.0 = Debug|Any CPU
		{F1D67E43-3EBF-4215-8F2E-31EAB6BA31A5}.Release|Any CPU.ActiveCfg = Release|Any CPU
		{F1D67E43-3EBF-4215-8F2E-31EAB6BA31A5}.Release|Any CPU.Build.0 = Release|Any CPU
		{2AF59EA9-645E-4223-B554-8DBA4BBF3F4E}.Debug|Any CPU.ActiveCfg = Debug|Any CPU
		{2AF59EA9-645E-4223-B554-8DBA4BBF3F4E}.Debug|Any CPU.Build.0 = Debug|Any CPU
		{2AF59EA9-645E-4223-B554-8DBA4BBF3F4E}.Release|Any CPU.ActiveCfg = Release|Any CPU
		{2AF59EA9-645E-4223-B554-8DBA4BBF3F4E}.Release|Any CPU.Build.0 = Release|Any CPU
		{3233FA50-8EAD-4276-96BF-82E212BAC458}.Debug|Any CPU.ActiveCfg = Debug|Any CPU
		{3233FA50-8EAD-4276-96BF-82E212BAC458}.Debug|Any CPU.Build.0 = Debug|Any CPU
		{3233FA50-8EAD-4276-96BF-82E212BAC458}.Release|Any CPU.ActiveCfg = Release|Any CPU
		{3233FA50-8EAD-4276-96BF-82E212BAC458}.Release|Any CPU.Build.0 = Release|Any CPU
		{12D8E84F-B642-4D1F-9CE0-4812B1987349}.Debug|Any CPU.ActiveCfg = Debug|Any CPU
		{12D8E84F-B642-4D1F-9CE0-4812B1987349}.Debug|Any CPU.Build.0 = Debug|Any CPU
		{12D8E84F-B642-4D1F-9CE0-4812B1987349}.Release|Any CPU.ActiveCfg = Release|Any CPU
		{12D8E84F-B642-4D1F-9CE0-4812B1987349}.Release|Any CPU.Build.0 = Release|Any CPU
		{FA953DA8-72CF-4175-BAF3-DE89A7EAC06B}.Debug|Any CPU.ActiveCfg = Debug|Any CPU
		{FA953DA8-72CF-4175-BAF3-DE89A7EAC06B}.Debug|Any CPU.Build.0 = Debug|Any CPU
		{FA953DA8-72CF-4175-BAF3-DE89A7EAC06B}.Release|Any CPU.ActiveCfg = Release|Any CPU
		{FA953DA8-72CF-4175-BAF3-DE89A7EAC06B}.Release|Any CPU.Build.0 = Release|Any CPU
		{25ABE4E6-1694-4319-95C1-B9739CEDC4B4}.Debug|Any CPU.ActiveCfg = Debug|Any CPU
		{25ABE4E6-1694-4319-95C1-B9739CEDC4B4}.Debug|Any CPU.Build.0 = Debug|Any CPU
		{25ABE4E6-1694-4319-95C1-B9739CEDC4B4}.Release|Any CPU.ActiveCfg = Release|Any CPU
		{25ABE4E6-1694-4319-95C1-B9739CEDC4B4}.Release|Any CPU.Build.0 = Release|Any CPU
		{0D290746-58FD-429D-A781-3A865BFB03AE}.Debug|Any CPU.ActiveCfg = Debug|Any CPU
		{0D290746-58FD-429D-A781-3A865BFB03AE}.Debug|Any CPU.Build.0 = Debug|Any CPU
		{0D290746-58FD-429D-A781-3A865BFB03AE}.Release|Any CPU.ActiveCfg = Release|Any CPU
		{0D290746-58FD-429D-A781-3A865BFB03AE}.Release|Any CPU.Build.0 = Release|Any CPU
		{710AE48C-D97C-465B-9CDA-CD21CA809BC6}.Debug|Any CPU.ActiveCfg = Debug|Any CPU
		{710AE48C-D97C-465B-9CDA-CD21CA809BC6}.Debug|Any CPU.Build.0 = Debug|Any CPU
		{710AE48C-D97C-465B-9CDA-CD21CA809BC6}.Release|Any CPU.ActiveCfg = Release|Any CPU
		{710AE48C-D97C-465B-9CDA-CD21CA809BC6}.Release|Any CPU.Build.0 = Release|Any CPU
		{C29897E6-D65A-4A78-A218-048A2316FFEB}.Debug|Any CPU.ActiveCfg = Debug|Any CPU
		{C29897E6-D65A-4A78-A218-048A2316FFEB}.Debug|Any CPU.Build.0 = Debug|Any CPU
		{C29897E6-D65A-4A78-A218-048A2316FFEB}.Release|Any CPU.ActiveCfg = Release|Any CPU
		{C29897E6-D65A-4A78-A218-048A2316FFEB}.Release|Any CPU.Build.0 = Release|Any CPU
		{87CA2AFD-7743-4E1E-9AB4-5C0C04D98AD7}.Debug|Any CPU.ActiveCfg = Debug|Any CPU
		{87CA2AFD-7743-4E1E-9AB4-5C0C04D98AD7}.Debug|Any CPU.Build.0 = Debug|Any CPU
		{87CA2AFD-7743-4E1E-9AB4-5C0C04D98AD7}.Release|Any CPU.ActiveCfg = Release|Any CPU
		{87CA2AFD-7743-4E1E-9AB4-5C0C04D98AD7}.Release|Any CPU.Build.0 = Release|Any CPU
		{522A3FDA-4C59-440C-8262-C6E36FDC5E6D}.Debug|Any CPU.ActiveCfg = Debug|Any CPU
		{522A3FDA-4C59-440C-8262-C6E36FDC5E6D}.Debug|Any CPU.Build.0 = Debug|Any CPU
		{522A3FDA-4C59-440C-8262-C6E36FDC5E6D}.Release|Any CPU.ActiveCfg = Release|Any CPU
		{522A3FDA-4C59-440C-8262-C6E36FDC5E6D}.Release|Any CPU.Build.0 = Release|Any CPU
		{B3A370D0-D21A-45D0-AE62-466DB4B18B4E}.Debug|Any CPU.ActiveCfg = Debug|Any CPU
		{B3A370D0-D21A-45D0-AE62-466DB4B18B4E}.Debug|Any CPU.Build.0 = Debug|Any CPU
		{B3A370D0-D21A-45D0-AE62-466DB4B18B4E}.Release|Any CPU.ActiveCfg = Release|Any CPU
		{B3A370D0-D21A-45D0-AE62-466DB4B18B4E}.Release|Any CPU.Build.0 = Release|Any CPU
		{EF2DE6D7-85C3-45DE-A18A-D9C87856E865}.Debug|Any CPU.ActiveCfg = Debug|Any CPU
		{EF2DE6D7-85C3-45DE-A18A-D9C87856E865}.Debug|Any CPU.Build.0 = Debug|Any CPU
		{EF2DE6D7-85C3-45DE-A18A-D9C87856E865}.Release|Any CPU.ActiveCfg = Release|Any CPU
		{EF2DE6D7-85C3-45DE-A18A-D9C87856E865}.Release|Any CPU.Build.0 = Release|Any CPU
		{6C0560DD-3B70-4297-A7A1-153398B1BF56}.Debug|Any CPU.ActiveCfg = Debug|Any CPU
		{6C0560DD-3B70-4297-A7A1-153398B1BF56}.Debug|Any CPU.Build.0 = Debug|Any CPU
		{6C0560DD-3B70-4297-A7A1-153398B1BF56}.Release|Any CPU.ActiveCfg = Release|Any CPU
		{6C0560DD-3B70-4297-A7A1-153398B1BF56}.Release|Any CPU.Build.0 = Release|Any CPU
		{CEA03256-DE9A-4491-A0FB-12ECC7A00A63}.Debug|Any CPU.ActiveCfg = Debug|Any CPU
		{CEA03256-DE9A-4491-A0FB-12ECC7A00A63}.Debug|Any CPU.Build.0 = Debug|Any CPU
		{CEA03256-DE9A-4491-A0FB-12ECC7A00A63}.Release|Any CPU.ActiveCfg = Release|Any CPU
		{CEA03256-DE9A-4491-A0FB-12ECC7A00A63}.Release|Any CPU.Build.0 = Release|Any CPU
	EndGlobalSection
	GlobalSection(SolutionProperties) = preSolution
		HideSolutionNode = FALSE
	EndGlobalSection
	GlobalSection(NestedProjects) = preSolution
		{E9275083-9D44-4D77-A030-AD542E67C614} = {AA8A412D-EE28-4608-8C41-C4897F3361A2}
		{86A66872-D26D-4B11-BE4D-3F416B44B3B5} = {AA8A412D-EE28-4608-8C41-C4897F3361A2}
		{9CB4A839-58FD-4E06-93DA-5E037DC21C7E} = {AA8A412D-EE28-4608-8C41-C4897F3361A2}
		{F1D67E43-3EBF-4215-8F2E-31EAB6BA31A5} = {99D79D84-E083-4A7C-8473-35B4FC4F5C61}
		{2AF59EA9-645E-4223-B554-8DBA4BBF3F4E} = {99D79D84-E083-4A7C-8473-35B4FC4F5C61}
		{3233FA50-8EAD-4276-96BF-82E212BAC458} = {99D79D84-E083-4A7C-8473-35B4FC4F5C61}
		{12D8E84F-B642-4D1F-9CE0-4812B1987349} = {B0C9EDF9-FAEB-48FE-B075-864CECB08F7C}
		{FA953DA8-72CF-4175-BAF3-DE89A7EAC06B} = {B0C9EDF9-FAEB-48FE-B075-864CECB08F7C}
		{25ABE4E6-1694-4319-95C1-B9739CEDC4B4} = {B0C9EDF9-FAEB-48FE-B075-864CECB08F7C}
		{0D290746-58FD-429D-A781-3A865BFB03AE} = {C8431707-5192-44CF-95F1-A5797663C796}
		{710AE48C-D97C-465B-9CDA-CD21CA809BC6} = {C8431707-5192-44CF-95F1-A5797663C796}
		{C29897E6-D65A-4A78-A218-048A2316FFEB} = {C8431707-5192-44CF-95F1-A5797663C796}
		{87CA2AFD-7743-4E1E-9AB4-5C0C04D98AD7} = {50B76A56-F49B-441D-8321-2F3003E401D1}
		{522A3FDA-4C59-440C-8262-C6E36FDC5E6D} = {50B76A56-F49B-441D-8321-2F3003E401D1}
		{B3A370D0-D21A-45D0-AE62-466DB4B18B4E} = {50B76A56-F49B-441D-8321-2F3003E401D1}
		{EF2DE6D7-85C3-45DE-A18A-D9C87856E865} = {8E00F7ED-ECD2-4CFF-B707-BDBB212966A4}
		{6C0560DD-3B70-4297-A7A1-153398B1BF56} = {8E00F7ED-ECD2-4CFF-B707-BDBB212966A4}
		{CEA03256-DE9A-4491-A0FB-12ECC7A00A63} = {8E00F7ED-ECD2-4CFF-B707-BDBB212966A4}
	EndGlobalSection
	GlobalSection(ExtensibilityGlobals) = postSolution
		SolutionGuid = {FEB6629F-9D31-4C36-AB86-16156FDC0D3C}
	EndGlobalSection
EndGlobal
